
Microsoft Visual Studio Solution File, Format Version 12.00
# Visual Studio Version 17
VisualStudioVersion = 17.0.31919.166
MinimumVisualStudioVersion = 10.0.40219.1
Project("{FAE04EC0-301F-11D3-BF4B-00C04F79EFBC}") = "Business", "Business\Business.csproj", "{DC642CDC-CB33-48C7-AFC7-671BBD28EBCB}"
EndProject
Project("{FAE04EC0-301F-11D3-BF4B-00C04F79EFBC}") = "Core", "Core\Core.csproj", "{FE36B691-907E-4C4E-A9C2-6312C4D4EB5D}"
EndProject
Project("{FAE04EC0-301F-11D3-BF4B-00C04F79EFBC}") = "DataAccess", "DataAccess\DataAccess.csproj", "{34B1B9EB-5890-4952-9271-4012BCD262AB}"
EndProject
Project("{FAE04EC0-301F-11D3-BF4B-00C04F79EFBC}") = "Entities", "Entities\Entities.csproj", "{771B70AB-3E32-4DEB-9BF0-3AB25A84804B}"
EndProject
Project("{FAE04EC0-301F-11D3-BF4B-00C04F79EFBC}") = "WebAPI", "WebAPI\WebAPI.csproj", "{EB5EE63E-7BE4-4492-95AB-546EFA6FFD03}"
EndProject
Global
	GlobalSection(SolutionConfigurationPlatforms) = preSolution
		Debug|Any CPU = Debug|Any CPU
		Release|Any CPU = Release|Any CPU
	EndGlobalSection
	GlobalSection(ProjectConfigurationPlatforms) = postSolution
		{DC642CDC-CB33-48C7-AFC7-671BBD28EBCB}.Debug|Any CPU.ActiveCfg = Debug|Any CPU
		{DC642CDC-CB33-48C7-AFC7-671BBD28EBCB}.Debug|Any CPU.Build.0 = Debug|Any CPU
		{DC642CDC-CB33-48C7-AFC7-671BBD28EBCB}.Release|Any CPU.ActiveCfg = Release|Any CPU
		{DC642CDC-CB33-48C7-AFC7-671BBD28EBCB}.Release|Any CPU.Build.0 = Release|Any CPU
		{FE36B691-907E-4C4E-A9C2-6312C4D4EB5D}.Debug|Any CPU.ActiveCfg = Debug|Any CPU
		{FE36B691-907E-4C4E-A9C2-6312C4D4EB5D}.Debug|Any CPU.Build.0 = Debug|Any CPU
		{FE36B691-907E-4C4E-A9C2-6312C4D4EB5D}.Release|Any CPU.ActiveCfg = Release|Any CPU
		{FE36B691-907E-4C4E-A9C2-6312C4D4EB5D}.Release|Any CPU.Build.0 = Release|Any CPU
		{34B1B9EB-5890-4952-9271-4012BCD262AB}.Debug|Any CPU.ActiveCfg = Debug|Any CPU
		{34B1B9EB-5890-4952-9271-4012BCD262AB}.Debug|Any CPU.Build.0 = Debug|Any CPU
		{34B1B9EB-5890-4952-9271-4012BCD262AB}.Release|Any CPU.ActiveCfg = Release|Any CPU
		{34B1B9EB-5890-4952-9271-4012BCD262AB}.Release|Any CPU.Build.0 = Release|Any CPU
		{771B70AB-3E32-4DEB-9BF0-3AB25A84804B}.Debug|Any CPU.ActiveCfg = Debug|Any CPU
		{771B70AB-3E32-4DEB-9BF0-3AB25A84804B}.Debug|Any CPU.Build.0 = Debug|Any CPU
		{771B70AB-3E32-4DEB-9BF0-3AB25A84804B}.Release|Any CPU.ActiveCfg = Release|Any CPU
		{771B70AB-3E32-4DEB-9BF0-3AB25A84804B}.Release|Any CPU.Build.0 = Release|Any CPU
		{EB5EE63E-7BE4-4492-95AB-546EFA6FFD03}.Debug|Any CPU.ActiveCfg = Debug|Any CPU
		{EB5EE63E-7BE4-4492-95AB-546EFA6FFD03}.Debug|Any CPU.Build.0 = Debug|Any CPU
		{EB5EE63E-7BE4-4492-95AB-546EFA6FFD03}.Release|Any CPU.ActiveCfg = Release|Any CPU
		{EB5EE63E-7BE4-4492-95AB-546EFA6FFD03}.Release|Any CPU.Build.0 = Release|Any CPU
	EndGlobalSection
	GlobalSection(SolutionProperties) = preSolution
		HideSolutionNode = FALSE
	EndGlobalSection
	GlobalSection(ExtensibilityGlobals) = postSolution
		SolutionGuid = {ADC1C335-B05F-4794-9C49-57434940998B}
	EndGlobalSection
EndGlobal
